
Microsoft Visual Studio Solution File, Format Version 12.00
# Visual Studio Version 16
VisualStudioVersion = 16.0.32106.194
MinimumVisualStudioVersion = 10.0.40219.1
Project("{9A19103F-16F7-4668-BE54-9A1E7A4F7556}") = "MyList.Server", "MyList\Server\MyList.Server.csproj", "{4451EE69-9C30-4738-91F1-F31FC96D6E8A}"
EndProject
Project("{9A19103F-16F7-4668-BE54-9A1E7A4F7556}") = "MyList.Client", "MyList\Client\MyList.Client.csproj", "{AC88A0EF-0465-4B1F-9817-B9AC4A926AF7}"
EndProject
Project("{9A19103F-16F7-4668-BE54-9A1E7A4F7556}") = "MyList.Shared", "MyList\Shared\MyList.Shared.csproj", "{97BBBA33-B276-4E21-AF29-5133C60D3921}"
EndProject
Global
	GlobalSection(SolutionConfigurationPlatforms) = preSolution
		Debug|Any CPU = Debug|Any CPU
		Release|Any CPU = Release|Any CPU
	EndGlobalSection
	GlobalSection(ProjectConfigurationPlatforms) = postSolution
		{4451EE69-9C30-4738-91F1-F31FC96D6E8A}.Debug|Any CPU.ActiveCfg = Debug|Any CPU
		{4451EE69-9C30-4738-91F1-F31FC96D6E8A}.Debug|Any CPU.Build.0 = Debug|Any CPU
		{4451EE69-9C30-4738-91F1-F31FC96D6E8A}.Release|Any CPU.ActiveCfg = Release|Any CPU
		{4451EE69-9C30-4738-91F1-F31FC96D6E8A}.Release|Any CPU.Build.0 = Release|Any CPU
		{AC88A0EF-0465-4B1F-9817-B9AC4A926AF7}.Debug|Any CPU.ActiveCfg = Debug|Any CPU
		{AC88A0EF-0465-4B1F-9817-B9AC4A926AF7}.Debug|Any CPU.Build.0 = Debug|Any CPU
		{AC88A0EF-0465-4B1F-9817-B9AC4A926AF7}.Release|Any CPU.ActiveCfg = Release|Any CPU
		{AC88A0EF-0465-4B1F-9817-B9AC4A926AF7}.Release|Any CPU.Build.0 = Release|Any CPU
		{97BBBA33-B276-4E21-AF29-5133C60D3921}.Debug|Any CPU.ActiveCfg = Debug|Any CPU
		{97BBBA33-B276-4E21-AF29-5133C60D3921}.Debug|Any CPU.Build.0 = Debug|Any CPU
		{97BBBA33-B276-4E21-AF29-5133C60D3921}.Release|Any CPU.ActiveCfg = Release|Any CPU
		{97BBBA33-B276-4E21-AF29-5133C60D3921}.Release|Any CPU.Build.0 = Release|Any CPU
	EndGlobalSection
	GlobalSection(SolutionProperties) = preSolution
		HideSolutionNode = FALSE
	EndGlobalSection
	GlobalSection(ExtensibilityGlobals) = postSolution
		SolutionGuid = {2EB0C8C5-0849-4F20-9150-491CC6347357}
	EndGlobalSection
EndGlobal
